
Microsoft Visual Studio Solution File, Format Version 12.00
# Visual Studio Version 17
VisualStudioVersion = 17.9.34701.34
MinimumVisualStudioVersion = 10.0.40219.1
Project("{888888A0-9F3D-457C-B088-3A5042F75D52}") = "FlaskWebProject", "FlaskWebProject\FlaskWebProject.pyproj", "{B1EE8961-754D-4FB7-9336-F4D3F30C0761}"
EndProject
Global
	GlobalSection(SolutionConfigurationPlatforms) = preSolution
		Debug|Any CPU = Debug|Any CPU
		Release|Any CPU = Release|Any CPU
	EndGlobalSection
	GlobalSection(ProjectConfigurationPlatforms) = postSolution
		{B1EE8961-754D-4FB7-9336-F4D3F30C0761}.Debug|Any CPU.ActiveCfg = Debug|Any CPU
		{B1EE8961-754D-4FB7-9336-F4D3F30C0761}.Debug|Any CPU.Build.0 = Debug|Any CPU
		{B1EE8961-754D-4FB7-9336-F4D3F30C0761}.Release|Any CPU.ActiveCfg = Release|Any CPU
		{B1EE8961-754D-4FB7-9336-F4D3F30C0761}.Release|Any CPU.Build.0 = Release|Any CPU
	EndGlobalSection
	GlobalSection(SolutionProperties) = preSolution
		HideSolutionNode = FALSE
	EndGlobalSection
	GlobalSection(ExtensibilityGlobals) = postSolution
		SolutionGuid = {27BEFE26-12A0-46E2-8A70-AF3E958D15BB}
	EndGlobalSection
EndGlobal
